
Microsoft Visual Studio Solution File, Format Version 12.00
# Visual Studio Version 16
VisualStudioVersion = 16.0.31727.386
MinimumVisualStudioVersion = 10.0.40219.1
Project("{8BC9CEB8-8B4A-11D0-8D11-00A0C91BC942}") = "RemoveElements", "RemoveElements\RemoveElements.vcxproj", "{6F775954-DA75-4C95-A64A-94837BD3FC8E}"
EndProject
Project("{8BC9CEB8-8B4A-11D0-8D11-00A0C91BC942}") = "VariableSizedArrays", "VariableSizedArrays\VariableSizedArrays.vcxproj", "{FD2244AA-BDF4-4498-B317-8DDA5ED7D50A}"
EndProject
Project("{8BC9CEB8-8B4A-11D0-8D11-00A0C91BC942}") = "SerachInsertPosition", "SerachInsertPosition\SerachInsertPosition.vcxproj", "{DDB666CD-2FA7-4A65-8226-A16A30286A07}"
EndProject
Project("{8BC9CEB8-8B4A-11D0-8D11-00A0C91BC942}") = "MaximumSubarray", "MaximumSubarray\MaximumSubarray.vcxproj", "{71D15E38-D80D-4C54-A7BC-50A1097BE97E}"
EndProject
Project("{8BC9CEB8-8B4A-11D0-8D11-00A0C91BC942}") = "TimeToBuyOrSell", "TimeToBuyOrSell\TimeToBuyOrSell.vcxproj", "{FEDFBDCA-AD2F-4DCE-A541-7E8659A0807F}"
EndProject
Project("{8BC9CEB8-8B4A-11D0-8D11-00A0C91BC942}") = "LengtLastWord", "LengtLastWord\LengtLastWord.vcxproj", "{238BFE25-100E-4873-AA26-99F1A767F4CB}"
EndProject
Project("{8BC9CEB8-8B4A-11D0-8D11-00A0C91BC942}") = "PlusOne", "PlusOne\PlusOne.vcxproj", "{4E2A135E-BEF5-4ABC-AEF1-AD15DD890766}"
EndProject
Project("{8BC9CEB8-8B4A-11D0-8D11-00A0C91BC942}") = "AddBinary", "AddBinary\AddBinary.vcxproj", "{FF848C1E-E792-431A-AD49-AE4B6A90FECD}"
EndProject
Project("{8BC9CEB8-8B4A-11D0-8D11-00A0C91BC942}") = "SquareRoot", "SquareRoot\SquareRoot.vcxproj", "{C87B0155-D94F-4A77-A291-4D4B153513E8}"
EndProject
Project("{8BC9CEB8-8B4A-11D0-8D11-00A0C91BC942}") = "ClimbStairs", "ClimbStairs\ClimbStairs.vcxproj", "{6B2EAE5B-60D9-4BE6-AFC3-B4191942613F}"
EndProject
Project("{8BC9CEB8-8B4A-11D0-8D11-00A0C91BC942}") = "DeleteDuplicates", "DeleteDuplicates\DeleteDuplicates.vcxproj", "{CF634042-C970-40CE-B040-F93379892827}"
EndProject
Project("{8BC9CEB8-8B4A-11D0-8D11-00A0C91BC942}") = "merge", "merge\merge.vcxproj", "{E334753E-6B0B-4F67-8CCF-580232AB05D3}"
EndProject
Project("{8BC9CEB8-8B4A-11D0-8D11-00A0C91BC942}") = "InorderTraversal", "InorderTraversal\InorderTraversal.vcxproj", "{84D5F166-C3E5-4277-A96A-C29F79711C60}"
EndProject
Project("{8BC9CEB8-8B4A-11D0-8D11-00A0C91BC942}") = "IsSameTree", "IsSameTree\IsSameTree.vcxproj", "{33EDE8C9-E880-4492-9F9F-C095FD821927}"
EndProject
Project("{8BC9CEB8-8B4A-11D0-8D11-00A0C91BC942}") = "IsSymetricTree", "IsSymetricTree\IsSymetricTree.vcxproj", "{210F2357-F7C3-474E-A340-433B2E37E630}"
EndProject
Project("{8BC9CEB8-8B4A-11D0-8D11-00A0C91BC942}") = "MaxDepth", "MaxDepth\MaxDepth.vcxproj", "{4FA764AE-DBE4-4FAE-8AEE-DE699294E9EE}"
EndProject
Project("{8BC9CEB8-8B4A-11D0-8D11-00A0C91BC942}") = "PathSum", "PathSum\PathSum.vcxproj", "{05BA77A4-A6C9-4C00-9A6B-03FBC9BECE69}"
EndProject
Project("{8BC9CEB8-8B4A-11D0-8D11-00A0C91BC942}") = "GenerateMatrix", "GenerateMatrix\GenerateMatrix.vcxproj", "{58C73A37-F400-40F5-ABA4-8915DA3FAFD8}"
EndProject
Project("{8BC9CEB8-8B4A-11D0-8D11-00A0C91BC942}") = "IsPalindrome", "IsPalindrome\IsPalindrome.vcxproj", "{70EAC41F-7CB6-480C-870B-2C3F80BD8486}"
EndProject
Project("{8BC9CEB8-8B4A-11D0-8D11-00A0C91BC942}") = "AddTwoNumbers", "AddTwoNumbers\AddTwoNumbers.vcxproj", "{C07E50F4-616A-47C8-AF55-35BA2AAE4DF9}"
EndProject
Project("{8BC9CEB8-8B4A-11D0-8D11-00A0C91BC942}") = "LengthOfLongestSubstring", "LengthOfLongestSubstring\LengthOfLongestSubstring.vcxproj", "{46C95663-F363-48F0-991B-0420CB6A124A}"
EndProject
Project("{8BC9CEB8-8B4A-11D0-8D11-00A0C91BC942}") = "FindMedianSortedArrays", "FindMedianSortedArrays\FindMedianSortedArrays.vcxproj", "{52CD557E-4FBF-45B7-90A9-D98F766B7686}"
EndProject
Project("{8BC9CEB8-8B4A-11D0-8D11-00A0C91BC942}") = "LongestPalindromicSubstring", "LongestPalindromicSubstring\LongestPalindromicSubstring.vcxproj", "{57AED124-F22C-4C21-9D3D-92F0344F9879}"
EndProject
Project("{8BC9CEB8-8B4A-11D0-8D11-00A0C91BC942}") = "MaxArea", "MaxArea\MaxArea.vcxproj", "{0021E98C-D2C4-4BEA-8D71-E28E26DCBC2E}"
EndProject
Project("{8BC9CEB8-8B4A-11D0-8D11-00A0C91BC942}") = "MultiplyStrings", "MultiplyStrings\MultiplyStrings.vcxproj", "{E25BA766-7E30-4A2F-89F7-015A6B27E24C}"
EndProject
Project("{8BC9CEB8-8B4A-11D0-8D11-00A0C91BC942}") = "ThreeSum", "ThreeSum\ThreeSum.vcxproj", "{44FC6834-A053-4529-A488-7A25313BC081}"
EndProject
Project("{8BC9CEB8-8B4A-11D0-8D11-00A0C91BC942}") = "PointerArthm", "PointerArthm\PointerArthm.vcxproj", "{D594B89F-DE19-40EE-991F-BB07D5C75069}"
EndProject
Project("{8BC9CEB8-8B4A-11D0-8D11-00A0C91BC942}") = "UniqueBinarySearchTrees", "UniqueBinarySearchTrees\UniqueBinarySearchTrees.vcxproj", "{612CEEDE-3B8C-4CD9-A92C-603443CC784D}"
EndProject
Project("{8BC9CEB8-8B4A-11D0-8D11-00A0C91BC942}") = "NeedleHaystack", "NeedleHaystack\NeedleHaystack.vcxproj", "{8D02E191-3E52-4005-B5C7-89A18B0FB098}"
EndProject
Project("{8BC9CEB8-8B4A-11D0-8D11-00A0C91BC942}") = "FindNumOfValidWords", "FindNumOfValidWords\FindNumOfValidWords.vcxproj", "{DDFACA54-B90C-4CB0-B566-B65772AD5220}"
EndProject
Project("{8BC9CEB8-8B4A-11D0-8D11-00A0C91BC942}") = "MaxProfit", "MaxProfit\MaxProfit.vcxproj", "{D4ABDD91-84E2-43C0-8AAC-4CC70EC3B790}"
EndProject
Project("{8BC9CEB8-8B4A-11D0-8D11-00A0C91BC942}") = "MinStartValue", "MinStartValue\MinStartValue.vcxproj", "{73EC192D-D0CF-42A5-B7E4-3E61E43858EE}"
EndProject
Project("{8BC9CEB8-8B4A-11D0-8D11-00A0C91BC942}") = "RemoveElementsLinkedList", "RemoveElementsLinkedList\RemoveElementsLinkedList.vcxproj", "{ADDCCD85-2C00-431E-966B-E747DDCD5B8F}"
EndProject
Project("{8BC9CEB8-8B4A-11D0-8D11-00A0C91BC942}") = "_modder", "_modder\_modder.vcxproj", "{9B3E0582-56F6-4DAB-B0F4-B5B2D04D06DD}"
EndProject
Project("{8BC9CEB8-8B4A-11D0-8D11-00A0C91BC942}") = "DailyTemperatures", "DailyTemperatures\DailyTemperatures.vcxproj", "{BF8A83A1-9C3B-4DD7-8E88-A8609CE2F210}"
EndProject
Project("{8BC9CEB8-8B4A-11D0-8D11-00A0C91BC942}") = "CombinationIterator", "CombinationIterator\CombinationIterator.vcxproj", "{D0AA9E92-9814-4741-9C38-5E8F49A18955}"
EndProject
Project("{8BC9CEB8-8B4A-11D0-8D11-00A0C91BC942}") = "PreorderTraversal", "PreorderTraversal\PreorderTraversal.vcxproj", "{DD24809C-A3C2-48DB-8557-727468CB38C5}"
EndProject
Project("{8BC9CEB8-8B4A-11D0-8D11-00A0C91BC942}") = "PostorderTraversal", "PostorderTraversal\PostorderTraversal.vcxproj", "{350275BD-547F-4B23-9A3A-6A8DE0804E2D}"
EndProject
Project("{8BC9CEB8-8B4A-11D0-8D11-00A0C91BC942}") = "BalancedTree", "BalancedTree\BalancedTree.vcxproj", "{8A1D330D-7360-43EA-B552-B1A03533B6DF}"
EndProject
Project("{8BC9CEB8-8B4A-11D0-8D11-00A0C91BC942}") = "HasCycle", "HasCycle\HasCycle.vcxproj", "{D6EF500C-E6F5-4619-967A-4759DD3BA9ED}"
EndProject
Project("{8BC9CEB8-8B4A-11D0-8D11-00A0C91BC942}") = "UniquePaths", "UniquePaths\UniquePaths.vcxproj", "{6260B561-9A93-4836-94DB-F1AE618CD6D1}"
EndProject
Project("{8BC9CEB8-8B4A-11D0-8D11-00A0C91BC942}") = "FindDisappearedNumbers", "FindDisappearedNumbers\FindDisappearedNumbers.vcxproj", "{E83CA0F1-0C41-4169-8C9B-E6AA32401C66}"
EndProject
Project("{8BC9CEB8-8B4A-11D0-8D11-00A0C91BC942}") = "HammingDistance", "HammingDistance\HammingDistance.vcxproj", "{AD7F3BF4-560B-409A-A1F8-50E46459CF3A}"
EndProject
Global
	GlobalSection(SolutionConfigurationPlatforms) = preSolution
		Debug|x64 = Debug|x64
		Debug|x86 = Debug|x86
		Release|x64 = Release|x64
		Release|x86 = Release|x86
	EndGlobalSection
	GlobalSection(ProjectConfigurationPlatforms) = postSolution
		{6F775954-DA75-4C95-A64A-94837BD3FC8E}.Debug|x64.ActiveCfg = Debug|x64
		{6F775954-DA75-4C95-A64A-94837BD3FC8E}.Debug|x64.Build.0 = Debug|x64
		{6F775954-DA75-4C95-A64A-94837BD3FC8E}.Debug|x86.ActiveCfg = Debug|Win32
		{6F775954-DA75-4C95-A64A-94837BD3FC8E}.Debug|x86.Build.0 = Debug|Win32
		{6F775954-DA75-4C95-A64A-94837BD3FC8E}.Release|x64.ActiveCfg = Release|x64
		{6F775954-DA75-4C95-A64A-94837BD3FC8E}.Release|x64.Build.0 = Release|x64
		{6F775954-DA75-4C95-A64A-94837BD3FC8E}.Release|x86.ActiveCfg = Release|Win32
		{6F775954-DA75-4C95-A64A-94837BD3FC8E}.Release|x86.Build.0 = Release|Win32
		{FD2244AA-BDF4-4498-B317-8DDA5ED7D50A}.Debug|x64.ActiveCfg = Debug|x64
		{FD2244AA-BDF4-4498-B317-8DDA5ED7D50A}.Debug|x64.Build.0 = Debug|x64
		{FD2244AA-BDF4-4498-B317-8DDA5ED7D50A}.Debug|x86.ActiveCfg = Debug|Win32
		{FD2244AA-BDF4-4498-B317-8DDA5ED7D50A}.Debug|x86.Build.0 = Debug|Win32
		{FD2244AA-BDF4-4498-B317-8DDA5ED7D50A}.Release|x64.ActiveCfg = Release|x64
		{FD2244AA-BDF4-4498-B317-8DDA5ED7D50A}.Release|x64.Build.0 = Release|x64
		{FD2244AA-BDF4-4498-B317-8DDA5ED7D50A}.Release|x86.ActiveCfg = Release|Win32
		{FD2244AA-BDF4-4498-B317-8DDA5ED7D50A}.Release|x86.Build.0 = Release|Win32
		{DDB666CD-2FA7-4A65-8226-A16A30286A07}.Debug|x64.ActiveCfg = Debug|x64
		{DDB666CD-2FA7-4A65-8226-A16A30286A07}.Debug|x64.Build.0 = Debug|x64
		{DDB666CD-2FA7-4A65-8226-A16A30286A07}.Debug|x86.ActiveCfg = Debug|Win32
		{DDB666CD-2FA7-4A65-8226-A16A30286A07}.Debug|x86.Build.0 = Debug|Win32
		{DDB666CD-2FA7-4A65-8226-A16A30286A07}.Release|x64.ActiveCfg = Release|x64
		{DDB666CD-2FA7-4A65-8226-A16A30286A07}.Release|x64.Build.0 = Release|x64
		{DDB666CD-2FA7-4A65-8226-A16A30286A07}.Release|x86.ActiveCfg = Release|Win32
		{DDB666CD-2FA7-4A65-8226-A16A30286A07}.Release|x86.Build.0 = Release|Win32
		{71D15E38-D80D-4C54-A7BC-50A1097BE97E}.Debug|x64.ActiveCfg = Debug|x64
		{71D15E38-D80D-4C54-A7BC-50A1097BE97E}.Debug|x64.Build.0 = Debug|x64
		{71D15E38-D80D-4C54-A7BC-50A1097BE97E}.Debug|x86.ActiveCfg = Debug|Win32
		{71D15E38-D80D-4C54-A7BC-50A1097BE97E}.Debug|x86.Build.0 = Debug|Win32
		{71D15E38-D80D-4C54-A7BC-50A1097BE97E}.Release|x64.ActiveCfg = Release|x64
		{71D15E38-D80D-4C54-A7BC-50A1097BE97E}.Release|x64.Build.0 = Release|x64
		{71D15E38-D80D-4C54-A7BC-50A1097BE97E}.Release|x86.ActiveCfg = Release|Win32
		{71D15E38-D80D-4C54-A7BC-50A1097BE97E}.Release|x86.Build.0 = Release|Win32
		{FEDFBDCA-AD2F-4DCE-A541-7E8659A0807F}.Debug|x64.ActiveCfg = Debug|x64
		{FEDFBDCA-AD2F-4DCE-A541-7E8659A0807F}.Debug|x64.Build.0 = Debug|x64
		{FEDFBDCA-AD2F-4DCE-A541-7E8659A0807F}.Debug|x86.ActiveCfg = Debug|Win32
		{FEDFBDCA-AD2F-4DCE-A541-7E8659A0807F}.Debug|x86.Build.0 = Debug|Win32
		{FEDFBDCA-AD2F-4DCE-A541-7E8659A0807F}.Release|x64.ActiveCfg = Release|x64
		{FEDFBDCA-AD2F-4DCE-A541-7E8659A0807F}.Release|x64.Build.0 = Release|x64
		{FEDFBDCA-AD2F-4DCE-A541-7E8659A0807F}.Release|x86.ActiveCfg = Release|Win32
		{FEDFBDCA-AD2F-4DCE-A541-7E8659A0807F}.Release|x86.Build.0 = Release|Win32
		{238BFE25-100E-4873-AA26-99F1A767F4CB}.Debug|x64.ActiveCfg = Debug|x64
		{238BFE25-100E-4873-AA26-99F1A767F4CB}.Debug|x64.Build.0 = Debug|x64
		{238BFE25-100E-4873-AA26-99F1A767F4CB}.Debug|x86.ActiveCfg = Debug|Win32
		{238BFE25-100E-4873-AA26-99F1A767F4CB}.Debug|x86.Build.0 = Debug|Win32
		{238BFE25-100E-4873-AA26-99F1A767F4CB}.Release|x64.ActiveCfg = Release|x64
		{238BFE25-100E-4873-AA26-99F1A767F4CB}.Release|x64.Build.0 = Release|x64
		{238BFE25-100E-4873-AA26-99F1A767F4CB}.Release|x86.ActiveCfg = Release|Win32
		{238BFE25-100E-4873-AA26-99F1A767F4CB}.Release|x86.Build.0 = Release|Win32
		{4E2A135E-BEF5-4ABC-AEF1-AD15DD890766}.Debug|x64.ActiveCfg = Debug|x64
		{4E2A135E-BEF5-4ABC-AEF1-AD15DD890766}.Debug|x64.Build.0 = Debug|x64
		{4E2A135E-BEF5-4ABC-AEF1-AD15DD890766}.Debug|x86.ActiveCfg = Debug|Win32
		{4E2A135E-BEF5-4ABC-AEF1-AD15DD890766}.Debug|x86.Build.0 = Debug|Win32
		{4E2A135E-BEF5-4ABC-AEF1-AD15DD890766}.Release|x64.ActiveCfg = Release|x64
		{4E2A135E-BEF5-4ABC-AEF1-AD15DD890766}.Release|x64.Build.0 = Release|x64
		{4E2A135E-BEF5-4ABC-AEF1-AD15DD890766}.Release|x86.ActiveCfg = Release|Win32
		{4E2A135E-BEF5-4ABC-AEF1-AD15DD890766}.Release|x86.Build.0 = Release|Win32
		{FF848C1E-E792-431A-AD49-AE4B6A90FECD}.Debug|x64.ActiveCfg = Debug|x64
		{FF848C1E-E792-431A-AD49-AE4B6A90FECD}.Debug|x64.Build.0 = Debug|x64
		{FF848C1E-E792-431A-AD49-AE4B6A90FECD}.Debug|x86.ActiveCfg = Debug|Win32
		{FF848C1E-E792-431A-AD49-AE4B6A90FECD}.Debug|x86.Build.0 = Debug|Win32
		{FF848C1E-E792-431A-AD49-AE4B6A90FECD}.Release|x64.ActiveCfg = Release|x64
		{FF848C1E-E792-431A-AD49-AE4B6A90FECD}.Release|x64.Build.0 = Release|x64
		{FF848C1E-E792-431A-AD49-AE4B6A90FECD}.Release|x86.ActiveCfg = Release|Win32
		{FF848C1E-E792-431A-AD49-AE4B6A90FECD}.Release|x86.Build.0 = Release|Win32
		{C87B0155-D94F-4A77-A291-4D4B153513E8}.Debug|x64.ActiveCfg = Debug|x64
		{C87B0155-D94F-4A77-A291-4D4B153513E8}.Debug|x64.Build.0 = Debug|x64
		{C87B0155-D94F-4A77-A291-4D4B153513E8}.Debug|x86.ActiveCfg = Debug|Win32
		{C87B0155-D94F-4A77-A291-4D4B153513E8}.Debug|x86.Build.0 = Debug|Win32
		{C87B0155-D94F-4A77-A291-4D4B153513E8}.Release|x64.ActiveCfg = Release|x64
		{C87B0155-D94F-4A77-A291-4D4B153513E8}.Release|x64.Build.0 = Release|x64
		{C87B0155-D94F-4A77-A291-4D4B153513E8}.Release|x86.ActiveCfg = Release|Win32
		{C87B0155-D94F-4A77-A291-4D4B153513E8}.Release|x86.Build.0 = Release|Win32
		{6B2EAE5B-60D9-4BE6-AFC3-B4191942613F}.Debug|x64.ActiveCfg = Debug|x64
		{6B2EAE5B-60D9-4BE6-AFC3-B4191942613F}.Debug|x64.Build.0 = Debug|x64
		{6B2EAE5B-60D9-4BE6-AFC3-B4191942613F}.Debug|x86.ActiveCfg = Debug|Win32
		{6B2EAE5B-60D9-4BE6-AFC3-B4191942613F}.Debug|x86.Build.0 = Debug|Win32
		{6B2EAE5B-60D9-4BE6-AFC3-B4191942613F}.Release|x64.ActiveCfg = Release|x64
		{6B2EAE5B-60D9-4BE6-AFC3-B4191942613F}.Release|x64.Build.0 = Release|x64
		{6B2EAE5B-60D9-4BE6-AFC3-B4191942613F}.Release|x86.ActiveCfg = Release|Win32
		{6B2EAE5B-60D9-4BE6-AFC3-B4191942613F}.Release|x86.Build.0 = Release|Win32
		{CF634042-C970-40CE-B040-F93379892827}.Debug|x64.ActiveCfg = Debug|x64
		{CF634042-C970-40CE-B040-F93379892827}.Debug|x64.Build.0 = Debug|x64
		{CF634042-C970-40CE-B040-F93379892827}.Debug|x86.ActiveCfg = Debug|Win32
		{CF634042-C970-40CE-B040-F93379892827}.Debug|x86.Build.0 = Debug|Win32
		{CF634042-C970-40CE-B040-F93379892827}.Release|x64.ActiveCfg = Release|x64
		{CF634042-C970-40CE-B040-F93379892827}.Release|x64.Build.0 = Release|x64
		{CF634042-C970-40CE-B040-F93379892827}.Release|x86.ActiveCfg = Release|Win32
		{CF634042-C970-40CE-B040-F93379892827}.Release|x86.Build.0 = Release|Win32
		{E334753E-6B0B-4F67-8CCF-580232AB05D3}.Debug|x64.ActiveCfg = Debug|x64
		{E334753E-6B0B-4F67-8CCF-580232AB05D3}.Debug|x64.Build.0 = Debug|x64
		{E334753E-6B0B-4F67-8CCF-580232AB05D3}.Debug|x86.ActiveCfg = Debug|Win32
		{E334753E-6B0B-4F67-8CCF-580232AB05D3}.Debug|x86.Build.0 = Debug|Win32
		{E334753E-6B0B-4F67-8CCF-580232AB05D3}.Release|x64.ActiveCfg = Release|x64
		{E334753E-6B0B-4F67-8CCF-580232AB05D3}.Release|x64.Build.0 = Release|x64
		{E334753E-6B0B-4F67-8CCF-580232AB05D3}.Release|x86.ActiveCfg = Release|Win32
		{E334753E-6B0B-4F67-8CCF-580232AB05D3}.Release|x86.Build.0 = Release|Win32
		{84D5F166-C3E5-4277-A96A-C29F79711C60}.Debug|x64.ActiveCfg = Debug|x64
		{84D5F166-C3E5-4277-A96A-C29F79711C60}.Debug|x64.Build.0 = Debug|x64
		{84D5F166-C3E5-4277-A96A-C29F79711C60}.Debug|x86.ActiveCfg = Debug|Win32
		{84D5F166-C3E5-4277-A96A-C29F79711C60}.Debug|x86.Build.0 = Debug|Win32
		{84D5F166-C3E5-4277-A96A-C29F79711C60}.Release|x64.ActiveCfg = Release|x64
		{84D5F166-C3E5-4277-A96A-C29F79711C60}.Release|x64.Build.0 = Release|x64
		{84D5F166-C3E5-4277-A96A-C29F79711C60}.Release|x86.ActiveCfg = Release|Win32
		{84D5F166-C3E5-4277-A96A-C29F79711C60}.Release|x86.Build.0 = Release|Win32
		{33EDE8C9-E880-4492-9F9F-C095FD821927}.Debug|x64.ActiveCfg = Debug|x64
		{33EDE8C9-E880-4492-9F9F-C095FD821927}.Debug|x64.Build.0 = Debug|x64
		{33EDE8C9-E880-4492-9F9F-C095FD821927}.Debug|x86.ActiveCfg = Debug|Win32
		{33EDE8C9-E880-4492-9F9F-C095FD821927}.Debug|x86.Build.0 = Debug|Win32
		{33EDE8C9-E880-4492-9F9F-C095FD821927}.Release|x64.ActiveCfg = Release|x64
		{33EDE8C9-E880-4492-9F9F-C095FD821927}.Release|x64.Build.0 = Release|x64
		{33EDE8C9-E880-4492-9F9F-C095FD821927}.Release|x86.ActiveCfg = Release|Win32
		{33EDE8C9-E880-4492-9F9F-C095FD821927}.Release|x86.Build.0 = Release|Win32
		{210F2357-F7C3-474E-A340-433B2E37E630}.Debug|x64.ActiveCfg = Debug|x64
		{210F2357-F7C3-474E-A340-433B2E37E630}.Debug|x64.Build.0 = Debug|x64
		{210F2357-F7C3-474E-A340-433B2E37E630}.Debug|x86.ActiveCfg = Debug|Win32
		{210F2357-F7C3-474E-A340-433B2E37E630}.Debug|x86.Build.0 = Debug|Win32
		{210F2357-F7C3-474E-A340-433B2E37E630}.Release|x64.ActiveCfg = Release|x64
		{210F2357-F7C3-474E-A340-433B2E37E630}.Release|x64.Build.0 = Release|x64
		{210F2357-F7C3-474E-A340-433B2E37E630}.Release|x86.ActiveCfg = Release|Win32
		{210F2357-F7C3-474E-A340-433B2E37E630}.Release|x86.Build.0 = Release|Win32
		{4FA764AE-DBE4-4FAE-8AEE-DE699294E9EE}.Debug|x64.ActiveCfg = Debug|x64
		{4FA764AE-DBE4-4FAE-8AEE-DE699294E9EE}.Debug|x64.Build.0 = Debug|x64
		{4FA764AE-DBE4-4FAE-8AEE-DE699294E9EE}.Debug|x86.ActiveCfg = Debug|Win32
		{4FA764AE-DBE4-4FAE-8AEE-DE699294E9EE}.Debug|x86.Build.0 = Debug|Win32
		{4FA764AE-DBE4-4FAE-8AEE-DE699294E9EE}.Release|x64.ActiveCfg = Release|x64
		{4FA764AE-DBE4-4FAE-8AEE-DE699294E9EE}.Release|x64.Build.0 = Release|x64
		{4FA764AE-DBE4-4FAE-8AEE-DE699294E9EE}.Release|x86.ActiveCfg = Release|Win32
		{4FA764AE-DBE4-4FAE-8AEE-DE699294E9EE}.Release|x86.Build.0 = Release|Win32
		{05BA77A4-A6C9-4C00-9A6B-03FBC9BECE69}.Debug|x64.ActiveCfg = Debug|x64
		{05BA77A4-A6C9-4C00-9A6B-03FBC9BECE69}.Debug|x64.Build.0 = Debug|x64
		{05BA77A4-A6C9-4C00-9A6B-03FBC9BECE69}.Debug|x86.ActiveCfg = Debug|Win32
		{05BA77A4-A6C9-4C00-9A6B-03FBC9BECE69}.Debug|x86.Build.0 = Debug|Win32
		{05BA77A4-A6C9-4C00-9A6B-03FBC9BECE69}.Release|x64.ActiveCfg = Release|x64
		{05BA77A4-A6C9-4C00-9A6B-03FBC9BECE69}.Release|x64.Build.0 = Release|x64
		{05BA77A4-A6C9-4C00-9A6B-03FBC9BECE69}.Release|x86.ActiveCfg = Release|Win32
		{05BA77A4-A6C9-4C00-9A6B-03FBC9BECE69}.Release|x86.Build.0 = Release|Win32
		{58C73A37-F400-40F5-ABA4-8915DA3FAFD8}.Debug|x64.ActiveCfg = Debug|x64
		{58C73A37-F400-40F5-ABA4-8915DA3FAFD8}.Debug|x64.Build.0 = Debug|x64
		{58C73A37-F400-40F5-ABA4-8915DA3FAFD8}.Debug|x86.ActiveCfg = Debug|Win32
		{58C73A37-F400-40F5-ABA4-8915DA3FAFD8}.Debug|x86.Build.0 = Debug|Win32
		{58C73A37-F400-40F5-ABA4-8915DA3FAFD8}.Release|x64.ActiveCfg = Release|x64
		{58C73A37-F400-40F5-ABA4-8915DA3FAFD8}.Release|x64.Build.0 = Release|x64
		{58C73A37-F400-40F5-ABA4-8915DA3FAFD8}.Release|x86.ActiveCfg = Release|Win32
		{58C73A37-F400-40F5-ABA4-8915DA3FAFD8}.Release|x86.Build.0 = Release|Win32
		{70EAC41F-7CB6-480C-870B-2C3F80BD8486}.Debug|x64.ActiveCfg = Debug|x64
		{70EAC41F-7CB6-480C-870B-2C3F80BD8486}.Debug|x64.Build.0 = Debug|x64
		{70EAC41F-7CB6-480C-870B-2C3F80BD8486}.Debug|x86.ActiveCfg = Debug|Win32
		{70EAC41F-7CB6-480C-870B-2C3F80BD8486}.Debug|x86.Build.0 = Debug|Win32
		{70EAC41F-7CB6-480C-870B-2C3F80BD8486}.Release|x64.ActiveCfg = Release|x64
		{70EAC41F-7CB6-480C-870B-2C3F80BD8486}.Release|x64.Build.0 = Release|x64
		{70EAC41F-7CB6-480C-870B-2C3F80BD8486}.Release|x86.ActiveCfg = Release|Win32
		{70EAC41F-7CB6-480C-870B-2C3F80BD8486}.Release|x86.Build.0 = Release|Win32
		{C07E50F4-616A-47C8-AF55-35BA2AAE4DF9}.Debug|x64.ActiveCfg = Debug|x64
		{C07E50F4-616A-47C8-AF55-35BA2AAE4DF9}.Debug|x64.Build.0 = Debug|x64
		{C07E50F4-616A-47C8-AF55-35BA2AAE4DF9}.Debug|x86.ActiveCfg = Debug|Win32
		{C07E50F4-616A-47C8-AF55-35BA2AAE4DF9}.Debug|x86.Build.0 = Debug|Win32
		{C07E50F4-616A-47C8-AF55-35BA2AAE4DF9}.Release|x64.ActiveCfg = Release|x64
		{C07E50F4-616A-47C8-AF55-35BA2AAE4DF9}.Release|x64.Build.0 = Release|x64
		{C07E50F4-616A-47C8-AF55-35BA2AAE4DF9}.Release|x86.ActiveCfg = Release|Win32
		{C07E50F4-616A-47C8-AF55-35BA2AAE4DF9}.Release|x86.Build.0 = Release|Win32
		{46C95663-F363-48F0-991B-0420CB6A124A}.Debug|x64.ActiveCfg = Debug|x64
		{46C95663-F363-48F0-991B-0420CB6A124A}.Debug|x64.Build.0 = Debug|x64
		{46C95663-F363-48F0-991B-0420CB6A124A}.Debug|x86.ActiveCfg = Debug|Win32
		{46C95663-F363-48F0-991B-0420CB6A124A}.Debug|x86.Build.0 = Debug|Win32
		{46C95663-F363-48F0-991B-0420CB6A124A}.Release|x64.ActiveCfg = Release|x64
		{46C95663-F363-48F0-991B-0420CB6A124A}.Release|x64.Build.0 = Release|x64
		{46C95663-F363-48F0-991B-0420CB6A124A}.Release|x86.ActiveCfg = Release|Win32
		{46C95663-F363-48F0-991B-0420CB6A124A}.Release|x86.Build.0 = Release|Win32
		{52CD557E-4FBF-45B7-90A9-D98F766B7686}.Debug|x64.ActiveCfg = Debug|x64
		{52CD557E-4FBF-45B7-90A9-D98F766B7686}.Debug|x64.Build.0 = Debug|x64
		{52CD557E-4FBF-45B7-90A9-D98F766B7686}.Debug|x86.ActiveCfg = Debug|Win32
		{52CD557E-4FBF-45B7-90A9-D98F766B7686}.Debug|x86.Build.0 = Debug|Win32
		{52CD557E-4FBF-45B7-90A9-D98F766B7686}.Release|x64.ActiveCfg = Release|x64
		{52CD557E-4FBF-45B7-90A9-D98F766B7686}.Release|x64.Build.0 = Release|x64
		{52CD557E-4FBF-45B7-90A9-D98F766B7686}.Release|x86.ActiveCfg = Release|Win32
		{52CD557E-4FBF-45B7-90A9-D98F766B7686}.Release|x86.Build.0 = Release|Win32
		{57AED124-F22C-4C21-9D3D-92F0344F9879}.Debug|x64.ActiveCfg = Debug|x64
		{57AED124-F22C-4C21-9D3D-92F0344F9879}.Debug|x64.Build.0 = Debug|x64
		{57AED124-F22C-4C21-9D3D-92F0344F9879}.Debug|x86.ActiveCfg = Debug|Win32
		{57AED124-F22C-4C21-9D3D-92F0344F9879}.Debug|x86.Build.0 = Debug|Win32
		{57AED124-F22C-4C21-9D3D-92F0344F9879}.Release|x64.ActiveCfg = Release|x64
		{57AED124-F22C-4C21-9D3D-92F0344F9879}.Release|x64.Build.0 = Release|x64
		{57AED124-F22C-4C21-9D3D-92F0344F9879}.Release|x86.ActiveCfg = Release|Win32
		{57AED124-F22C-4C21-9D3D-92F0344F9879}.Release|x86.Build.0 = Release|Win32
		{0021E98C-D2C4-4BEA-8D71-E28E26DCBC2E}.Debug|x64.ActiveCfg = Debug|x64
		{0021E98C-D2C4-4BEA-8D71-E28E26DCBC2E}.Debug|x64.Build.0 = Debug|x64
		{0021E98C-D2C4-4BEA-8D71-E28E26DCBC2E}.Debug|x86.ActiveCfg = Debug|Win32
		{0021E98C-D2C4-4BEA-8D71-E28E26DCBC2E}.Debug|x86.Build.0 = Debug|Win32
		{0021E98C-D2C4-4BEA-8D71-E28E26DCBC2E}.Release|x64.ActiveCfg = Release|x64
		{0021E98C-D2C4-4BEA-8D71-E28E26DCBC2E}.Release|x64.Build.0 = Release|x64
		{0021E98C-D2C4-4BEA-8D71-E28E26DCBC2E}.Release|x86.ActiveCfg = Release|Win32
		{0021E98C-D2C4-4BEA-8D71-E28E26DCBC2E}.Release|x86.Build.0 = Release|Win32
		{E25BA766-7E30-4A2F-89F7-015A6B27E24C}.Debug|x64.ActiveCfg = Debug|x64
		{E25BA766-7E30-4A2F-89F7-015A6B27E24C}.Debug|x64.Build.0 = Debug|x64
		{E25BA766-7E30-4A2F-89F7-015A6B27E24C}.Debug|x86.ActiveCfg = Debug|Win32
		{E25BA766-7E30-4A2F-89F7-015A6B27E24C}.Debug|x86.Build.0 = Debug|Win32
		{E25BA766-7E30-4A2F-89F7-015A6B27E24C}.Release|x64.ActiveCfg = Release|x64
		{E25BA766-7E30-4A2F-89F7-015A6B27E24C}.Release|x64.Build.0 = Release|x64
		{E25BA766-7E30-4A2F-89F7-015A6B27E24C}.Release|x86.ActiveCfg = Release|Win32
		{E25BA766-7E30-4A2F-89F7-015A6B27E24C}.Release|x86.Build.0 = Release|Win32
		{44FC6834-A053-4529-A488-7A25313BC081}.Debug|x64.ActiveCfg = Debug|x64
		{44FC6834-A053-4529-A488-7A25313BC081}.Debug|x64.Build.0 = Debug|x64
		{44FC6834-A053-4529-A488-7A25313BC081}.Debug|x86.ActiveCfg = Debug|Win32
		{44FC6834-A053-4529-A488-7A25313BC081}.Debug|x86.Build.0 = Debug|Win32
		{44FC6834-A053-4529-A488-7A25313BC081}.Release|x64.ActiveCfg = Release|x64
		{44FC6834-A053-4529-A488-7A25313BC081}.Release|x64.Build.0 = Release|x64
		{44FC6834-A053-4529-A488-7A25313BC081}.Release|x86.ActiveCfg = Release|Win32
		{44FC6834-A053-4529-A488-7A25313BC081}.Release|x86.Build.0 = Release|Win32
		{D594B89F-DE19-40EE-991F-BB07D5C75069}.Debug|x64.ActiveCfg = Debug|x64
		{D594B89F-DE19-40EE-991F-BB07D5C75069}.Debug|x64.Build.0 = Debug|x64
		{D594B89F-DE19-40EE-991F-BB07D5C75069}.Debug|x86.ActiveCfg = Debug|Win32
		{D594B89F-DE19-40EE-991F-BB07D5C75069}.Debug|x86.Build.0 = Debug|Win32
		{D594B89F-DE19-40EE-991F-BB07D5C75069}.Release|x64.ActiveCfg = Release|x64
		{D594B89F-DE19-40EE-991F-BB07D5C75069}.Release|x64.Build.0 = Release|x64
		{D594B89F-DE19-40EE-991F-BB07D5C75069}.Release|x86.ActiveCfg = Release|Win32
		{D594B89F-DE19-40EE-991F-BB07D5C75069}.Release|x86.Build.0 = Release|Win32
		{612CEEDE-3B8C-4CD9-A92C-603443CC784D}.Debug|x64.ActiveCfg = Debug|x64
		{612CEEDE-3B8C-4CD9-A92C-603443CC784D}.Debug|x64.Build.0 = Debug|x64
		{612CEEDE-3B8C-4CD9-A92C-603443CC784D}.Debug|x86.ActiveCfg = Debug|Win32
		{612CEEDE-3B8C-4CD9-A92C-603443CC784D}.Debug|x86.Build.0 = Debug|Win32
		{612CEEDE-3B8C-4CD9-A92C-603443CC784D}.Release|x64.ActiveCfg = Release|x64
		{612CEEDE-3B8C-4CD9-A92C-603443CC784D}.Release|x64.Build.0 = Release|x64
		{612CEEDE-3B8C-4CD9-A92C-603443CC784D}.Release|x86.ActiveCfg = Release|Win32
		{612CEEDE-3B8C-4CD9-A92C-603443CC784D}.Release|x86.Build.0 = Release|Win32
		{8D02E191-3E52-4005-B5C7-89A18B0FB098}.Debug|x64.ActiveCfg = Debug|x64
		{8D02E191-3E52-4005-B5C7-89A18B0FB098}.Debug|x64.Build.0 = Debug|x64
		{8D02E191-3E52-4005-B5C7-89A18B0FB098}.Debug|x86.ActiveCfg = Debug|Win32
		{8D02E191-3E52-4005-B5C7-89A18B0FB098}.Debug|x86.Build.0 = Debug|Win32
		{8D02E191-3E52-4005-B5C7-89A18B0FB098}.Release|x64.ActiveCfg = Release|x64
		{8D02E191-3E52-4005-B5C7-89A18B0FB098}.Release|x64.Build.0 = Release|x64
		{8D02E191-3E52-4005-B5C7-89A18B0FB098}.Release|x86.ActiveCfg = Release|Win32
		{8D02E191-3E52-4005-B5C7-89A18B0FB098}.Release|x86.Build.0 = Release|Win32
		{DDFACA54-B90C-4CB0-B566-B65772AD5220}.Debug|x64.ActiveCfg = Debug|x64
		{DDFACA54-B90C-4CB0-B566-B65772AD5220}.Debug|x64.Build.0 = Debug|x64
		{DDFACA54-B90C-4CB0-B566-B65772AD5220}.Debug|x86.ActiveCfg = Debug|Win32
		{DDFACA54-B90C-4CB0-B566-B65772AD5220}.Debug|x86.Build.0 = Debug|Win32
		{DDFACA54-B90C-4CB0-B566-B65772AD5220}.Release|x64.ActiveCfg = Release|x64
		{DDFACA54-B90C-4CB0-B566-B65772AD5220}.Release|x64.Build.0 = Release|x64
		{DDFACA54-B90C-4CB0-B566-B65772AD5220}.Release|x86.ActiveCfg = Release|Win32
		{DDFACA54-B90C-4CB0-B566-B65772AD5220}.Release|x86.Build.0 = Release|Win32
		{D4ABDD91-84E2-43C0-8AAC-4CC70EC3B790}.Debug|x64.ActiveCfg = Debug|x64
		{D4ABDD91-84E2-43C0-8AAC-4CC70EC3B790}.Debug|x64.Build.0 = Debug|x64
		{D4ABDD91-84E2-43C0-8AAC-4CC70EC3B790}.Debug|x86.ActiveCfg = Debug|Win32
		{D4ABDD91-84E2-43C0-8AAC-4CC70EC3B790}.Debug|x86.Build.0 = Debug|Win32
		{D4ABDD91-84E2-43C0-8AAC-4CC70EC3B790}.Release|x64.ActiveCfg = Release|x64
		{D4ABDD91-84E2-43C0-8AAC-4CC70EC3B790}.Release|x64.Build.0 = Release|x64
		{D4ABDD91-84E2-43C0-8AAC-4CC70EC3B790}.Release|x86.ActiveCfg = Release|Win32
		{D4ABDD91-84E2-43C0-8AAC-4CC70EC3B790}.Release|x86.Build.0 = Release|Win32
		{73EC192D-D0CF-42A5-B7E4-3E61E43858EE}.Debug|x64.ActiveCfg = Debug|x64
		{73EC192D-D0CF-42A5-B7E4-3E61E43858EE}.Debug|x64.Build.0 = Debug|x64
		{73EC192D-D0CF-42A5-B7E4-3E61E43858EE}.Debug|x86.ActiveCfg = Debug|Win32
		{73EC192D-D0CF-42A5-B7E4-3E61E43858EE}.Debug|x86.Build.0 = Debug|Win32
		{73EC192D-D0CF-42A5-B7E4-3E61E43858EE}.Release|x64.ActiveCfg = Release|x64
		{73EC192D-D0CF-42A5-B7E4-3E61E43858EE}.Release|x64.Build.0 = Release|x64
		{73EC192D-D0CF-42A5-B7E4-3E61E43858EE}.Release|x86.ActiveCfg = Release|Win32
		{73EC192D-D0CF-42A5-B7E4-3E61E43858EE}.Release|x86.Build.0 = Release|Win32
		{ADDCCD85-2C00-431E-966B-E747DDCD5B8F}.Debug|x64.ActiveCfg = Debug|x64
		{ADDCCD85-2C00-431E-966B-E747DDCD5B8F}.Debug|x64.Build.0 = Debug|x64
		{ADDCCD85-2C00-431E-966B-E747DDCD5B8F}.Debug|x86.ActiveCfg = Debug|Win32
		{ADDCCD85-2C00-431E-966B-E747DDCD5B8F}.Debug|x86.Build.0 = Debug|Win32
		{ADDCCD85-2C00-431E-966B-E747DDCD5B8F}.Release|x64.ActiveCfg = Release|x64
		{ADDCCD85-2C00-431E-966B-E747DDCD5B8F}.Release|x64.Build.0 = Release|x64
		{ADDCCD85-2C00-431E-966B-E747DDCD5B8F}.Release|x86.ActiveCfg = Release|Win32
		{ADDCCD85-2C00-431E-966B-E747DDCD5B8F}.Release|x86.Build.0 = Release|Win32
		{9B3E0582-56F6-4DAB-B0F4-B5B2D04D06DD}.Debug|x64.ActiveCfg = Debug|x64
		{9B3E0582-56F6-4DAB-B0F4-B5B2D04D06DD}.Debug|x64.Build.0 = Debug|x64
		{9B3E0582-56F6-4DAB-B0F4-B5B2D04D06DD}.Debug|x86.ActiveCfg = Debug|Win32
		{9B3E0582-56F6-4DAB-B0F4-B5B2D04D06DD}.Debug|x86.Build.0 = Debug|Win32
		{9B3E0582-56F6-4DAB-B0F4-B5B2D04D06DD}.Release|x64.ActiveCfg = Release|x64
		{9B3E0582-56F6-4DAB-B0F4-B5B2D04D06DD}.Release|x64.Build.0 = Release|x64
		{9B3E0582-56F6-4DAB-B0F4-B5B2D04D06DD}.Release|x86.ActiveCfg = Release|Win32
		{9B3E0582-56F6-4DAB-B0F4-B5B2D04D06DD}.Release|x86.Build.0 = Release|Win32
		{BF8A83A1-9C3B-4DD7-8E88-A8609CE2F210}.Debug|x64.ActiveCfg = Debug|x64
		{BF8A83A1-9C3B-4DD7-8E88-A8609CE2F210}.Debug|x64.Build.0 = Debug|x64
		{BF8A83A1-9C3B-4DD7-8E88-A8609CE2F210}.Debug|x86.ActiveCfg = Debug|Win32
		{BF8A83A1-9C3B-4DD7-8E88-A8609CE2F210}.Debug|x86.Build.0 = Debug|Win32
		{BF8A83A1-9C3B-4DD7-8E88-A8609CE2F210}.Release|x64.ActiveCfg = Release|x64
		{BF8A83A1-9C3B-4DD7-8E88-A8609CE2F210}.Release|x64.Build.0 = Release|x64
		{BF8A83A1-9C3B-4DD7-8E88-A8609CE2F210}.Release|x86.ActiveCfg = Release|Win32
		{BF8A83A1-9C3B-4DD7-8E88-A8609CE2F210}.Release|x86.Build.0 = Release|Win32
		{D0AA9E92-9814-4741-9C38-5E8F49A18955}.Debug|x64.ActiveCfg = Debug|x64
		{D0AA9E92-9814-4741-9C38-5E8F49A18955}.Debug|x64.Build.0 = Debug|x64
		{D0AA9E92-9814-4741-9C38-5E8F49A18955}.Debug|x86.ActiveCfg = Debug|Win32
		{D0AA9E92-9814-4741-9C38-5E8F49A18955}.Debug|x86.Build.0 = Debug|Win32
		{D0AA9E92-9814-4741-9C38-5E8F49A18955}.Release|x64.ActiveCfg = Release|x64
		{D0AA9E92-9814-4741-9C38-5E8F49A18955}.Release|x64.Build.0 = Release|x64
		{D0AA9E92-9814-4741-9C38-5E8F49A18955}.Release|x86.ActiveCfg = Release|Win32
		{D0AA9E92-9814-4741-9C38-5E8F49A18955}.Release|x86.Build.0 = Release|Win32
		{DD24809C-A3C2-48DB-8557-727468CB38C5}.Debug|x64.ActiveCfg = Debug|x64
		{DD24809C-A3C2-48DB-8557-727468CB38C5}.Debug|x64.Build.0 = Debug|x64
		{DD24809C-A3C2-48DB-8557-727468CB38C5}.Debug|x86.ActiveCfg = Debug|Win32
		{DD24809C-A3C2-48DB-8557-727468CB38C5}.Debug|x86.Build.0 = Debug|Win32
		{DD24809C-A3C2-48DB-8557-727468CB38C5}.Release|x64.ActiveCfg = Release|x64
		{DD24809C-A3C2-48DB-8557-727468CB38C5}.Release|x64.Build.0 = Release|x64
		{DD24809C-A3C2-48DB-8557-727468CB38C5}.Release|x86.ActiveCfg = Release|Win32
		{DD24809C-A3C2-48DB-8557-727468CB38C5}.Release|x86.Build.0 = Release|Win32
		{350275BD-547F-4B23-9A3A-6A8DE0804E2D}.Debug|x64.ActiveCfg = Debug|x64
		{350275BD-547F-4B23-9A3A-6A8DE0804E2D}.Debug|x64.Build.0 = Debug|x64
		{350275BD-547F-4B23-9A3A-6A8DE0804E2D}.Debug|x86.ActiveCfg = Debug|Win32
		{350275BD-547F-4B23-9A3A-6A8DE0804E2D}.Debug|x86.Build.0 = Debug|Win32
		{350275BD-547F-4B23-9A3A-6A8DE0804E2D}.Release|x64.ActiveCfg = Release|x64
		{350275BD-547F-4B23-9A3A-6A8DE0804E2D}.Release|x64.Build.0 = Release|x64
		{350275BD-547F-4B23-9A3A-6A8DE0804E2D}.Release|x86.ActiveCfg = Release|Win32
		{350275BD-547F-4B23-9A3A-6A8DE0804E2D}.Release|x86.Build.0 = Release|Win32
		{8A1D330D-7360-43EA-B552-B1A03533B6DF}.Debug|x64.ActiveCfg = Debug|x64
		{8A1D330D-7360-43EA-B552-B1A03533B6DF}.Debug|x64.Build.0 = Debug|x64
		{8A1D330D-7360-43EA-B552-B1A03533B6DF}.Debug|x86.ActiveCfg = Debug|Win32
		{8A1D330D-7360-43EA-B552-B1A03533B6DF}.Debug|x86.Build.0 = Debug|Win32
		{8A1D330D-7360-43EA-B552-B1A03533B6DF}.Release|x64.ActiveCfg = Release|x64
		{8A1D330D-7360-43EA-B552-B1A03533B6DF}.Release|x64.Build.0 = Release|x64
		{8A1D330D-7360-43EA-B552-B1A03533B6DF}.Release|x86.ActiveCfg = Release|Win32
		{8A1D330D-7360-43EA-B552-B1A03533B6DF}.Release|x86.Build.0 = Release|Win32
		{D6EF500C-E6F5-4619-967A-4759DD3BA9ED}.Debug|x64.ActiveCfg = Debug|x64
		{D6EF500C-E6F5-4619-967A-4759DD3BA9ED}.Debug|x64.Build.0 = Debug|x64
		{D6EF500C-E6F5-4619-967A-4759DD3BA9ED}.Debug|x86.ActiveCfg = Debug|Win32
		{D6EF500C-E6F5-4619-967A-4759DD3BA9ED}.Debug|x86.Build.0 = Debug|Win32
		{D6EF500C-E6F5-4619-967A-4759DD3BA9ED}.Release|x64.ActiveCfg = Release|x64
		{D6EF500C-E6F5-4619-967A-4759DD3BA9ED}.Release|x64.Build.0 = Release|x64
		{D6EF500C-E6F5-4619-967A-4759DD3BA9ED}.Release|x86.ActiveCfg = Release|Win32
		{D6EF500C-E6F5-4619-967A-4759DD3BA9ED}.Release|x86.Build.0 = Release|Win32
		{6260B561-9A93-4836-94DB-F1AE618CD6D1}.Debug|x64.ActiveCfg = Debug|x64
		{6260B561-9A93-4836-94DB-F1AE618CD6D1}.Debug|x64.Build.0 = Debug|x64
		{6260B561-9A93-4836-94DB-F1AE618CD6D1}.Debug|x86.ActiveCfg = Debug|Win32
		{6260B561-9A93-4836-94DB-F1AE618CD6D1}.Debug|x86.Build.0 = Debug|Win32
		{6260B561-9A93-4836-94DB-F1AE618CD6D1}.Release|x64.ActiveCfg = Release|x64
		{6260B561-9A93-4836-94DB-F1AE618CD6D1}.Release|x64.Build.0 = Release|x64
		{6260B561-9A93-4836-94DB-F1AE618CD6D1}.Release|x86.ActiveCfg = Release|Win32
		{6260B561-9A93-4836-94DB-F1AE618CD6D1}.Release|x86.Build.0 = Release|Win32
		{E83CA0F1-0C41-4169-8C9B-E6AA32401C66}.Debug|x64.ActiveCfg = Debug|x64
		{E83CA0F1-0C41-4169-8C9B-E6AA32401C66}.Debug|x64.Build.0 = Debug|x64
		{E83CA0F1-0C41-4169-8C9B-E6AA32401C66}.Debug|x86.ActiveCfg = Debug|Win32
		{E83CA0F1-0C41-4169-8C9B-E6AA32401C66}.Debug|x86.Build.0 = Debug|Win32
		{E83CA0F1-0C41-4169-8C9B-E6AA32401C66}.Release|x64.ActiveCfg = Release|x64
		{E83CA0F1-0C41-4169-8C9B-E6AA32401C66}.Release|x64.Build.0 = Release|x64
		{E83CA0F1-0C41-4169-8C9B-E6AA32401C66}.Release|x86.ActiveCfg = Release|Win32
		{E83CA0F1-0C41-4169-8C9B-E6AA32401C66}.Release|x86.Build.0 = Release|Win32
		{AD7F3BF4-560B-409A-A1F8-50E46459CF3A}.Debug|x64.ActiveCfg = Debug|x64
		{AD7F3BF4-560B-409A-A1F8-50E46459CF3A}.Debug|x64.Build.0 = Debug|x64
		{AD7F3BF4-560B-409A-A1F8-50E46459CF3A}.Debug|x86.ActiveCfg = Debug|Win32
		{AD7F3BF4-560B-409A-A1F8-50E46459CF3A}.Debug|x86.Build.0 = Debug|Win32
		{AD7F3BF4-560B-409A-A1F8-50E46459CF3A}.Release|x64.ActiveCfg = Release|x64
		{AD7F3BF4-560B-409A-A1F8-50E46459CF3A}.Release|x64.Build.0 = Release|x64
		{AD7F3BF4-560B-409A-A1F8-50E46459CF3A}.Release|x86.ActiveCfg = Release|Win32
		{AD7F3BF4-560B-409A-A1F8-50E46459CF3A}.Release|x86.Build.0 = Release|Win32
	EndGlobalSection
	GlobalSection(SolutionProperties) = preSolution
		HideSolutionNode = FALSE
	EndGlobalSection
	GlobalSection(ExtensibilityGlobals) = postSolution
		SolutionGuid = {20B6620F-5933-486A-B976-3B5A0021ED22}
	EndGlobalSection
EndGlobal
