
Microsoft Visual Studio Solution File, Format Version 12.00
# Visual Studio Version 16
VisualStudioVersion = 16.0.31727.386
MinimumVisualStudioVersion = 10.0.40219.1
Project("{8BC9CEB8-8B4A-11D0-8D11-00A0C91BC942}") = "RemoveElements", "RemoveElements\RemoveElements.vcxproj", "{6F775954-DA75-4C95-A64A-94837BD3FC8E}"
EndProject
Project("{8BC9CEB8-8B4A-11D0-8D11-00A0C91BC942}") = "VariableSizedArrays", "VariableSizedArrays\VariableSizedArrays.vcxproj", "{FD2244AA-BDF4-4498-B317-8DDA5ED7D50A}"
EndProject
Project("{8BC9CEB8-8B4A-11D0-8D11-00A0C91BC942}") = "SerachInsertPosition", "SerachInsertPosition\SerachInsertPosition.vcxproj", "{DDB666CD-2FA7-4A65-8226-A16A30286A07}"
EndProject
Global
	GlobalSection(SolutionConfigurationPlatforms) = preSolution
		Debug|x64 = Debug|x64
		Debug|x86 = Debug|x86
		Release|x64 = Release|x64
		Release|x86 = Release|x86
	EndGlobalSection
	GlobalSection(ProjectConfigurationPlatforms) = postSolution
		{6F775954-DA75-4C95-A64A-94837BD3FC8E}.Debug|x64.ActiveCfg = Debug|x64
		{6F775954-DA75-4C95-A64A-94837BD3FC8E}.Debug|x64.Build.0 = Debug|x64
		{6F775954-DA75-4C95-A64A-94837BD3FC8E}.Debug|x86.ActiveCfg = Debug|Win32
		{6F775954-DA75-4C95-A64A-94837BD3FC8E}.Debug|x86.Build.0 = Debug|Win32
		{6F775954-DA75-4C95-A64A-94837BD3FC8E}.Release|x64.ActiveCfg = Release|x64
		{6F775954-DA75-4C95-A64A-94837BD3FC8E}.Release|x64.Build.0 = Release|x64
		{6F775954-DA75-4C95-A64A-94837BD3FC8E}.Release|x86.ActiveCfg = Release|Win32
		{6F775954-DA75-4C95-A64A-94837BD3FC8E}.Release|x86.Build.0 = Release|Win32
		{FD2244AA-BDF4-4498-B317-8DDA5ED7D50A}.Debug|x64.ActiveCfg = Debug|x64
		{FD2244AA-BDF4-4498-B317-8DDA5ED7D50A}.Debug|x64.Build.0 = Debug|x64
		{FD2244AA-BDF4-4498-B317-8DDA5ED7D50A}.Debug|x86.ActiveCfg = Debug|Win32
		{FD2244AA-BDF4-4498-B317-8DDA5ED7D50A}.Debug|x86.Build.0 = Debug|Win32
		{FD2244AA-BDF4-4498-B317-8DDA5ED7D50A}.Release|x64.ActiveCfg = Release|x64
		{FD2244AA-BDF4-4498-B317-8DDA5ED7D50A}.Release|x64.Build.0 = Release|x64
		{FD2244AA-BDF4-4498-B317-8DDA5ED7D50A}.Release|x86.ActiveCfg = Release|Win32
		{FD2244AA-BDF4-4498-B317-8DDA5ED7D50A}.Release|x86.Build.0 = Release|Win32
		{DDB666CD-2FA7-4A65-8226-A16A30286A07}.Debug|x64.ActiveCfg = Debug|x64
		{DDB666CD-2FA7-4A65-8226-A16A30286A07}.Debug|x64.Build.0 = Debug|x64
		{DDB666CD-2FA7-4A65-8226-A16A30286A07}.Debug|x86.ActiveCfg = Debug|Win32
		{DDB666CD-2FA7-4A65-8226-A16A30286A07}.Debug|x86.Build.0 = Debug|Win32
		{DDB666CD-2FA7-4A65-8226-A16A30286A07}.Release|x64.ActiveCfg = Release|x64
		{DDB666CD-2FA7-4A65-8226-A16A30286A07}.Release|x64.Build.0 = Release|x64
		{DDB666CD-2FA7-4A65-8226-A16A30286A07}.Release|x86.ActiveCfg = Release|Win32
		{DDB666CD-2FA7-4A65-8226-A16A30286A07}.Release|x86.Build.0 = Release|Win32
	EndGlobalSection
	GlobalSection(SolutionProperties) = preSolution
		HideSolutionNode = FALSE
	EndGlobalSection
	GlobalSection(ExtensibilityGlobals) = postSolution
		SolutionGuid = {20B6620F-5933-486A-B976-3B5A0021ED22}
	EndGlobalSection
EndGlobal
